// !$*UTF8*$!
{
	archiveVersion = 1;
	classes = {
	};
	objectVersion = 55;
	objects = {

/* Begin PBXBuildFile section */
		350A2A2528ECB1680045BC1F /* KeyPress.swift in Sources */ = {isa = PBXBuildFile; fileRef = 350A2A2428ECB1680045BC1F /* KeyPress.swift */; };
		350A2A2728ECCEB30045BC1F /* MouseAndKeyEvents.swift in Sources */ = {isa = PBXBuildFile; fileRef = 350A2A2628ECCEB30045BC1F /* MouseAndKeyEvents.swift */; };
		353C3FF328EB43310005411F /* Attitude.swift in Sources */ = {isa = PBXBuildFile; fileRef = 353C3FF228EB43310005411F /* Attitude.swift */; };
		353C3FF528EB43480005411F /* MouseClick.swift in Sources */ = {isa = PBXBuildFile; fileRef = 353C3FF428EB43480005411F /* MouseClick.swift */; };
		3582BB9C28E8615900EE5E15 /* NetworkManager.swift in Sources */ = {isa = PBXBuildFile; fileRef = 3582BB9B28E8615900EE5E15 /* NetworkManager.swift */; };
		35A24F9328EA2EF900201091 /* Test.swift in Sources */ = {isa = PBXBuildFile; fileRef = 35A24F9228EA2EF900201091 /* Test.swift */; };
		35DF6BEE28F3146000A6F5B7 /* FindOutAttitude.swift in Sources */ = {isa = PBXBuildFile; fileRef = 35DF6BED28F3146000A6F5B7 /* FindOutAttitude.swift */; };
		35F42B9228E7171900077DF8 /* accel_mouseApp.swift in Sources */ = {isa = PBXBuildFile; fileRef = 35F42B9128E7171900077DF8 /* accel_mouseApp.swift */; };
		35F42B9428E7171900077DF8 /* ContentView.swift in Sources */ = {isa = PBXBuildFile; fileRef = 35F42B9328E7171900077DF8 /* ContentView.swift */; };
		35F42B9628E7171C00077DF8 /* Assets.xcassets in Resources */ = {isa = PBXBuildFile; fileRef = 35F42B9528E7171C00077DF8 /* Assets.xcassets */; };
		35F42B9928E7171C00077DF8 /* Preview Assets.xcassets in Resources */ = {isa = PBXBuildFile; fileRef = 35F42B9828E7171C00077DF8 /* Preview Assets.xcassets */; };
/* End PBXBuildFile section */

/* Begin PBXFileReference section */
		350A2A2428ECB1680045BC1F /* KeyPress.swift */ = {isa = PBXFileReference; lastKnownFileType = sourcecode.swift; path = KeyPress.swift; sourceTree = "<group>"; };
		350A2A2628ECCEB30045BC1F /* MouseAndKeyEvents.swift */ = {isa = PBXFileReference; lastKnownFileType = sourcecode.swift; path = MouseAndKeyEvents.swift; sourceTree = "<group>"; };
		353C3FF228EB43310005411F /* Attitude.swift */ = {isa = PBXFileReference; lastKnownFileType = sourcecode.swift; path = Attitude.swift; sourceTree = "<group>"; };
		353C3FF428EB43480005411F /* MouseClick.swift */ = {isa = PBXFileReference; lastKnownFileType = sourcecode.swift; path = MouseClick.swift; sourceTree = "<group>"; };
		3582BB9B28E8615900EE5E15 /* NetworkManager.swift */ = {isa = PBXFileReference; lastKnownFileType = sourcecode.swift; path = NetworkManager.swift; sourceTree = "<group>"; };
		35A24F9228EA2EF900201091 /* Test.swift */ = {isa = PBXFileReference; lastKnownFileType = sourcecode.swift; path = Test.swift; sourceTree = "<group>"; };
		35DF6BED28F3146000A6F5B7 /* FindOutAttitude.swift */ = {isa = PBXFileReference; lastKnownFileType = sourcecode.swift; path = FindOutAttitude.swift; sourceTree = "<group>"; };
		35F42B8E28E7171900077DF8 /* accel_mouse.app */ = {isa = PBXFileReference; explicitFileType = wrapper.application; includeInIndex = 0; path = accel_mouse.app; sourceTree = BUILT_PRODUCTS_DIR; };
		35F42B9128E7171900077DF8 /* accel_mouseApp.swift */ = {isa = PBXFileReference; lastKnownFileType = sourcecode.swift; path = accel_mouseApp.swift; sourceTree = "<group>"; };
		35F42B9328E7171900077DF8 /* ContentView.swift */ = {isa = PBXFileReference; lastKnownFileType = sourcecode.swift; path = ContentView.swift; sourceTree = "<group>"; };
		35F42B9528E7171C00077DF8 /* Assets.xcassets */ = {isa = PBXFileReference; lastKnownFileType = folder.assetcatalog; path = Assets.xcassets; sourceTree = "<group>"; };
		35F42B9828E7171C00077DF8 /* Preview Assets.xcassets */ = {isa = PBXFileReference; lastKnownFileType = folder.assetcatalog; path = "Preview Assets.xcassets"; sourceTree = "<group>"; };
/* End PBXFileReference section */

/* Begin PBXFrameworksBuildPhase section */
		35F42B8B28E7171900077DF8 /* Frameworks */ = {
			isa = PBXFrameworksBuildPhase;
			buildActionMask = 2147483647;
			files = (
			);
			runOnlyForDeploymentPostprocessing = 0;
		};
/* End PBXFrameworksBuildPhase section */

/* Begin PBXGroup section */
		350A2A2828ECCEC30045BC1F /* Model */ = {
			isa = PBXGroup;
			children = (
				353C3FF228EB43310005411F /* Attitude.swift */,
				353C3FF428EB43480005411F /* MouseClick.swift */,
				350A2A2428ECB1680045BC1F /* KeyPress.swift */,
			);
			path = Model;
			sourceTree = "<group>";
		};
		35F42B8528E7171900077DF8 = {
			isa = PBXGroup;
			children = (
				35F42B9028E7171900077DF8 /* accel_mouse */,
				35F42B8F28E7171900077DF8 /* Products */,
			);
			sourceTree = "<group>";
		};
		35F42B8F28E7171900077DF8 /* Products */ = {
			isa = PBXGroup;
			children = (
				35F42B8E28E7171900077DF8 /* accel_mouse.app */,
			);
			name = Products;
			sourceTree = "<group>";
		};
		35F42B9028E7171900077DF8 /* accel_mouse */ = {
			isa = PBXGroup;
			children = (
				35F42B9128E7171900077DF8 /* accel_mouseApp.swift */,
				35F42B9328E7171900077DF8 /* ContentView.swift */,
				3582BB9B28E8615900EE5E15 /* NetworkManager.swift */,
				350A2A2628ECCEB30045BC1F /* MouseAndKeyEvents.swift */,
				350A2A2828ECCEC30045BC1F /* Model */,
				35A24F9228EA2EF900201091 /* Test.swift */,
				35DF6BED28F3146000A6F5B7 /* FindOutAttitude.swift */,
				35F42B9528E7171C00077DF8 /* Assets.xcassets */,
				35F42B9728E7171C00077DF8 /* Preview Content */,
			);
			path = accel_mouse;
			sourceTree = "<group>";
		};
		35F42B9728E7171C00077DF8 /* Preview Content */ = {
			isa = PBXGroup;
			children = (
				35F42B9828E7171C00077DF8 /* Preview Assets.xcassets */,
			);
			path = "Preview Content";
			sourceTree = "<group>";
		};
/* End PBXGroup section */

/* Begin PBXNativeTarget section */
		35F42B8D28E7171900077DF8 /* accel_mouse */ = {
			isa = PBXNativeTarget;
			buildConfigurationList = 35F42B9C28E7171C00077DF8 /* Build configuration list for PBXNativeTarget "accel_mouse" */;
			buildPhases = (
				35F42B8A28E7171900077DF8 /* Sources */,
				35F42B8B28E7171900077DF8 /* Frameworks */,
				35F42B8C28E7171900077DF8 /* Resources */,
			);
			buildRules = (
			);
			dependencies = (
			);
			name = accel_mouse;
			productName = accel_mouse;
			productReference = 35F42B8E28E7171900077DF8 /* accel_mouse.app */;
			productType = "com.apple.product-type.application";
		};
/* End PBXNativeTarget section */

/* Begin PBXProject section */
		35F42B8628E7171900077DF8 /* Project object */ = {
			isa = PBXProject;
			attributes = {
				BuildIndependentTargetsInParallel = 1;
				LastSwiftUpdateCheck = 1340;
				LastUpgradeCheck = 1340;
				TargetAttributes = {
					35F42B8D28E7171900077DF8 = {
						CreatedOnToolsVersion = 13.4.1;
					};
				};
			};
			buildConfigurationList = 35F42B8928E7171900077DF8 /* Build configuration list for PBXProject "accel_mouse" */;
			compatibilityVersion = "Xcode 13.0";
			developmentRegion = en;
			hasScannedForEncodings = 0;
			knownRegions = (
				en,
				Base,
			);
			mainGroup = 35F42B8528E7171900077DF8;
			productRefGroup = 35F42B8F28E7171900077DF8 /* Products */;
			projectDirPath = "";
			projectRoot = "";
			targets = (
				35F42B8D28E7171900077DF8 /* accel_mouse */,
			);
		};
/* End PBXProject section */

/* Begin PBXResourcesBuildPhase section */
		35F42B8C28E7171900077DF8 /* Resources */ = {
			isa = PBXResourcesBuildPhase;
			buildActionMask = 2147483647;
			files = (
				35F42B9928E7171C00077DF8 /* Preview Assets.xcassets in Resources */,
				35F42B9628E7171C00077DF8 /* Assets.xcassets in Resources */,
			);
			runOnlyForDeploymentPostprocessing = 0;
		};
/* End PBXResourcesBuildPhase section */

/* Begin PBXSourcesBuildPhase section */
		35F42B8A28E7171900077DF8 /* Sources */ = {
			isa = PBXSourcesBuildPhase;
			buildActionMask = 2147483647;
			files = (
				3582BB9C28E8615900EE5E15 /* NetworkManager.swift in Sources */,
				353C3FF328EB43310005411F /* Attitude.swift in Sources */,
				350A2A2528ECB1680045BC1F /* KeyPress.swift in Sources */,
				353C3FF528EB43480005411F /* MouseClick.swift in Sources */,
				35DF6BEE28F3146000A6F5B7 /* FindOutAttitude.swift in Sources */,
				350A2A2728ECCEB30045BC1F /* MouseAndKeyEvents.swift in Sources */,
				35A24F9328EA2EF900201091 /* Test.swift in Sources */,
				35F42B9428E7171900077DF8 /* ContentView.swift in Sources */,
				35F42B9228E7171900077DF8 /* accel_mouseApp.swift in Sources */,
			);
			runOnlyForDeploymentPostprocessing = 0;
		};
/* End PBXSourcesBuildPhase section */

/* Begin XCBuildConfiguration section */
		35F42B9A28E7171C00077DF8 /* Debug */ = {
			isa = XCBuildConfiguration;
			buildSettings = {
				ALWAYS_SEARCH_USER_PATHS = NO;
				CLANG_ANALYZER_NONNULL = YES;
				CLANG_ANALYZER_NUMBER_OBJECT_CONVERSION = YES_AGGRESSIVE;
				CLANG_CXX_LANGUAGE_STANDARD = "gnu++17";
				CLANG_ENABLE_MODULES = YES;
				CLANG_ENABLE_OBJC_ARC = YES;
				CLANG_ENABLE_OBJC_WEAK = YES;
				CLANG_WARN_BLOCK_CAPTURE_AUTORELEASING = YES;
				CLANG_WARN_BOOL_CONVERSION = YES;
				CLANG_WARN_COMMA = YES;
				CLANG_WARN_CONSTANT_CONVERSION = YES;
				CLANG_WARN_DEPRECATED_OBJC_IMPLEMENTATIONS = YES;
				CLANG_WARN_DIRECT_OBJC_ISA_USAGE = YES_ERROR;
				CLANG_WARN_DOCUMENTATION_COMMENTS = YES;
				CLANG_WARN_EMPTY_BODY = YES;
				CLANG_WARN_ENUM_CONVERSION = YES;
				CLANG_WARN_INFINITE_RECURSION = YES;
				CLANG_WARN_INT_CONVERSION = YES;
				CLANG_WARN_NON_LITERAL_NULL_CONVERSION = YES;
				CLANG_WARN_OBJC_IMPLICIT_RETAIN_SELF = YES;
				CLANG_WARN_OBJC_LITERAL_CONVERSION = YES;
				CLANG_WARN_OBJC_ROOT_CLASS = YES_ERROR;
				CLANG_WARN_QUOTED_INCLUDE_IN_FRAMEWORK_HEADER = YES;
				CLANG_WARN_RANGE_LOOP_ANALYSIS = YES;
				CLANG_WARN_STRICT_PROTOTYPES = YES;
				CLANG_WARN_SUSPICIOUS_MOVE = YES;
				CLANG_WARN_UNGUARDED_AVAILABILITY = YES_AGGRESSIVE;
				CLANG_WARN_UNREACHABLE_CODE = YES;
				CLANG_WARN__DUPLICATE_METHOD_MATCH = YES;
				COPY_PHASE_STRIP = NO;
				DEBUG_INFORMATION_FORMAT = dwarf;
				ENABLE_STRICT_OBJC_MSGSEND = YES;
				ENABLE_TESTABILITY = YES;
				GCC_C_LANGUAGE_STANDARD = gnu11;
				GCC_DYNAMIC_NO_PIC = NO;
				GCC_NO_COMMON_BLOCKS = YES;
				GCC_OPTIMIZATION_LEVEL = 0;
				GCC_PREPROCESSOR_DEFINITIONS = (
					"DEBUG=1",
					"$(inherited)",
				);
				GCC_WARN_64_TO_32_BIT_CONVERSION = YES;
				GCC_WARN_ABOUT_RETURN_TYPE = YES_ERROR;
				GCC_WARN_UNDECLARED_SELECTOR = YES;
				GCC_WARN_UNINITIALIZED_AUTOS = YES_AGGRESSIVE;
				GCC_WARN_UNUSED_FUNCTION = YES;
				GCC_WARN_UNUSED_VARIABLE = YES;
				IPHONEOS_DEPLOYMENT_TARGET = 15.5;
				MTL_ENABLE_DEBUG_INFO = INCLUDE_SOURCE;
				MTL_FAST_MATH = YES;
				ONLY_ACTIVE_ARCH = YES;
				SDKROOT = iphoneos;
				SWIFT_ACTIVE_COMPILATION_CONDITIONS = DEBUG;
				SWIFT_OPTIMIZATION_LEVEL = "-Onone";
			};
			name = Debug;
		};
		35F42B9B28E7171C00077DF8 /* Release */ = {
			isa = XCBuildConfiguration;
			buildSettings = {
				ALWAYS_SEARCH_USER_PATHS = NO;
				CLANG_ANALYZER_NONNULL = YES;
				CLANG_ANALYZER_NUMBER_OBJECT_CONVERSION = YES_AGGRESSIVE;
				CLANG_CXX_LANGUAGE_STANDARD = "gnu++17";
				CLANG_ENABLE_MODULES = YES;
				CLANG_ENABLE_OBJC_ARC = YES;
				CLANG_ENABLE_OBJC_WEAK = YES;
				CLANG_WARN_BLOCK_CAPTURE_AUTORELEASING = YES;
				CLANG_WARN_BOOL_CONVERSION = YES;
				CLANG_WARN_COMMA = YES;
				CLANG_WARN_CONSTANT_CONVERSION = YES;
				CLANG_WARN_DEPRECATED_OBJC_IMPLEMENTATIONS = YES;
				CLANG_WARN_DIRECT_OBJC_ISA_USAGE = YES_ERROR;
				CLANG_WARN_DOCUMENTATION_COMMENTS = YES;
				CLANG_WARN_EMPTY_BODY = YES;
				CLANG_WARN_ENUM_CONVERSION = YES;
				CLANG_WARN_INFINITE_RECURSION = YES;
				CLANG_WARN_INT_CONVERSION = YES;
				CLANG_WARN_NON_LITERAL_NULL_CONVERSION = YES;
				CLANG_WARN_OBJC_IMPLICIT_RETAIN_SELF = YES;
				CLANG_WARN_OBJC_LITERAL_CONVERSION = YES;
				CLANG_WARN_OBJC_ROOT_CLASS = YES_ERROR;
				CLANG_WARN_QUOTED_INCLUDE_IN_FRAMEWORK_HEADER = YES;
				CLANG_WARN_RANGE_LOOP_ANALYSIS = YES;
				CLANG_WARN_STRICT_PROTOTYPES = YES;
				CLANG_WARN_SUSPICIOUS_MOVE = YES;
				CLANG_WARN_UNGUARDED_AVAILABILITY = YES_AGGRESSIVE;
				CLANG_WARN_UNREACHABLE_CODE = YES;
				CLANG_WARN__DUPLICATE_METHOD_MATCH = YES;
				COPY_PHASE_STRIP = NO;
				DEBUG_INFORMATION_FORMAT = "dwarf-with-dsym";
				ENABLE_NS_ASSERTIONS = NO;
				ENABLE_STRICT_OBJC_MSGSEND = YES;
				GCC_C_LANGUAGE_STANDARD = gnu11;
				GCC_NO_COMMON_BLOCKS = YES;
				GCC_WARN_64_TO_32_BIT_CONVERSION = YES;
				GCC_WARN_ABOUT_RETURN_TYPE = YES_ERROR;
				GCC_WARN_UNDECLARED_SELECTOR = YES;
				GCC_WARN_UNINITIALIZED_AUTOS = YES_AGGRESSIVE;
				GCC_WARN_UNUSED_FUNCTION = YES;
				GCC_WARN_UNUSED_VARIABLE = YES;
				IPHONEOS_DEPLOYMENT_TARGET = 15.5;
				MTL_ENABLE_DEBUG_INFO = NO;
				MTL_FAST_MATH = YES;
				SDKROOT = iphoneos;
				SWIFT_COMPILATION_MODE = wholemodule;
				SWIFT_OPTIMIZATION_LEVEL = "-O";
				VALIDATE_PRODUCT = YES;
			};
			name = Release;
		};
		35F42B9D28E7171C00077DF8 /* Debug */ = {
			isa = XCBuildConfiguration;
			buildSettings = {
				ASSETCATALOG_COMPILER_APPICON_NAME = AppIcon;
				ASSETCATALOG_COMPILER_GLOBAL_ACCENT_COLOR_NAME = AccentColor;
				CODE_SIGN_STYLE = Automatic;
				CURRENT_PROJECT_VERSION = 1;
				DEVELOPMENT_ASSET_PATHS = "\"accel_mouse/Preview Content\"";
				DEVELOPMENT_TEAM = 98F33Z222S;
				ENABLE_PREVIEWS = YES;
				GENERATE_INFOPLIST_FILE = YES;
				INFOPLIST_KEY_UIApplicationSceneManifest_Generation = YES;
				INFOPLIST_KEY_UIApplicationSupportsIndirectInputEvents = YES;
				INFOPLIST_KEY_UILaunchScreen_Generation = YES;
				INFOPLIST_KEY_UISupportedInterfaceOrientations = UIInterfaceOrientationPortrait;
				INFOPLIST_KEY_UISupportedInterfaceOrientations_iPad = "UIInterfaceOrientationPortrait UIInterfaceOrientationPortraitUpsideDown UIInterfaceOrientationLandscapeLeft UIInterfaceOrientationLandscapeRight";
				INFOPLIST_KEY_UISupportedInterfaceOrientations_iPhone = UIInterfaceOrientationPortrait;
				LD_RUNPATH_SEARCH_PATHS = (
					"$(inherited)",
					"@executable_path/Frameworks",
				);
				MARKETING_VERSION = 1.0;
				PRODUCT_BUNDLE_IDENTIFIER = xhr1s.test123last;
				PRODUCT_NAME = "$(TARGET_NAME)";
				SWIFT_EMIT_LOC_STRINGS = YES;
				SWIFT_VERSION = 5.0;
				TARGETED_DEVICE_FAMILY = "1,2";
			};
			name = Debug;
		};
		35F42B9E28E7171C00077DF8 /* Release */ = {
			isa = XCBuildConfiguration;
			buildSettings = {
				ASSETCATALOG_COMPILER_APPICON_NAME = AppIcon;
				ASSETCATALOG_COMPILER_GLOBAL_ACCENT_COLOR_NAME = AccentColor;
				CODE_SIGN_STYLE = Automatic;
				CURRENT_PROJECT_VERSION = 1;
				DEVELOPMENT_ASSET_PATHS = "\"accel_mouse/Preview Content\"";
				DEVELOPMENT_TEAM = 98F33Z222S;
				ENABLE_PREVIEWS = YES;
				GENERATE_INFOPLIST_FILE = YES;
				INFOPLIST_KEY_UIApplicationSceneManifest_Generation = YES;
				INFOPLIST_KEY_UIApplicationSupportsIndirectInputEvents = YES;
				INFOPLIST_KEY_UILaunchScreen_Generation = YES;
				INFOPLIST_KEY_UISupportedInterfaceOrientations = UIInterfaceOrientationPortrait;
				INFOPLIST_KEY_UISupportedInterfaceOrientations_iPad = "UIInterfaceOrientationPortrait UIInterfaceOrientationPortraitUpsideDown UIInterfaceOrientationLandscapeLeft UIInterfaceOrientationLandscapeRight";
				INFOPLIST_KEY_UISupportedInterfaceOrientations_iPhone = UIInterfaceOrientationPortrait;
				LD_RUNPATH_SEARCH_PATHS = (
					"$(inherited)",
					"@executable_path/Frameworks",
				);
				MARKETING_VERSION = 1.0;
				PRODUCT_BUNDLE_IDENTIFIER = xhr1s.test123last;
				PRODUCT_NAME = "$(TARGET_NAME)";
				SWIFT_EMIT_LOC_STRINGS = YES;
				SWIFT_VERSION = 5.0;
				TARGETED_DEVICE_FAMILY = "1,2";
			};
			name = Release;
		};
/* End XCBuildConfiguration section */

/* Begin XCConfigurationList section */
		35F42B8928E7171900077DF8 /* Build configuration list for PBXProject "accel_mouse" */ = {
			isa = XCConfigurationList;
			buildConfigurations = (
				35F42B9A28E7171C00077DF8 /* Debug */,
				35F42B9B28E7171C00077DF8 /* Release */,
			);
			defaultConfigurationIsVisible = 0;
			defaultConfigurationName = Release;
		};
		35F42B9C28E7171C00077DF8 /* Build configuration list for PBXNativeTarget "accel_mouse" */ = {
			isa = XCConfigurationList;
			buildConfigurations = (
				35F42B9D28E7171C00077DF8 /* Debug */,
				35F42B9E28E7171C00077DF8 /* Release */,
			);
			defaultConfigurationIsVisible = 0;
			defaultConfigurationName = Release;
		};
/* End XCConfigurationList section */
	};
	rootObject = 35F42B8628E7171900077DF8 /* Project object */;
}
